
Microsoft Visual Studio Solution File, Format Version 12.00
# Visual Studio Version 16
VisualStudioVersion = 16.0.29709.97
MinimumVisualStudioVersion = 10.0.40219.1
Project("{FAE04EC0-301F-11D3-BF4B-00C04F79EFBC}") = "Lab52_RockPaperScissors", "Lab52_RockPaperScissors.csproj", "{9DAEFDEF-F8BA-49EC-AB38-E0686072330F}"
EndProject
Global
	GlobalSection(SolutionConfigurationPlatforms) = preSolution
		Debug|Any CPU = Debug|Any CPU
		Release|Any CPU = Release|Any CPU
	EndGlobalSection
	GlobalSection(ProjectConfigurationPlatforms) = postSolution
		{9DAEFDEF-F8BA-49EC-AB38-E0686072330F}.Debug|Any CPU.ActiveCfg = Debug|Any CPU
		{9DAEFDEF-F8BA-49EC-AB38-E0686072330F}.Debug|Any CPU.Build.0 = Debug|Any CPU
		{9DAEFDEF-F8BA-49EC-AB38-E0686072330F}.Release|Any CPU.ActiveCfg = Release|Any CPU
		{9DAEFDEF-F8BA-49EC-AB38-E0686072330F}.Release|Any CPU.Build.0 = Release|Any CPU
	EndGlobalSection
	GlobalSection(SolutionProperties) = preSolution
		HideSolutionNode = FALSE
	EndGlobalSection
	GlobalSection(ExtensibilityGlobals) = postSolution
		SolutionGuid = {E8EE76B7-4AFD-4427-BA18-B475F0C42483}
	EndGlobalSection
EndGlobal
