
Microsoft Visual Studio Solution File, Format Version 12.00
# Visual Studio Version 16
VisualStudioVersion = 16.0.29709.97
MinimumVisualStudioVersion = 10.0.40219.1
Project("{FAE04EC0-301F-11D3-BF4B-00C04F79EFBC}") = "Lab51_RPG", "Lab51_RPG.csproj", "{72A78FCE-1153-41BB-8DCF-174DE8431145}"
EndProject
Global
	GlobalSection(SolutionConfigurationPlatforms) = preSolution
		Debug|Any CPU = Debug|Any CPU
		Release|Any CPU = Release|Any CPU
	EndGlobalSection
	GlobalSection(ProjectConfigurationPlatforms) = postSolution
		{72A78FCE-1153-41BB-8DCF-174DE8431145}.Debug|Any CPU.ActiveCfg = Debug|Any CPU
		{72A78FCE-1153-41BB-8DCF-174DE8431145}.Debug|Any CPU.Build.0 = Debug|Any CPU
		{72A78FCE-1153-41BB-8DCF-174DE8431145}.Release|Any CPU.ActiveCfg = Release|Any CPU
		{72A78FCE-1153-41BB-8DCF-174DE8431145}.Release|Any CPU.Build.0 = Release|Any CPU
	EndGlobalSection
	GlobalSection(SolutionProperties) = preSolution
		HideSolutionNode = FALSE
	EndGlobalSection
	GlobalSection(ExtensibilityGlobals) = postSolution
		SolutionGuid = {A2A8012F-55F2-4387-9119-965D569231D6}
	EndGlobalSection
EndGlobal
