
Microsoft Visual Studio Solution File, Format Version 12.00
# Visual Studio Version 16
VisualStudioVersion = 16.0.29911.84
MinimumVisualStudioVersion = 10.0.40219.1
Project("{FAE04EC0-301F-11D3-BF4B-00C04F79EFBC}") = "Lab11.1_PersonalWebsite", "Lab11.1_PersonalWebsite\Lab11.1_PersonalWebsite.csproj", "{C1C68544-5FE0-4ECA-AF36-2D5276FBED45}"
EndProject
Global
	GlobalSection(SolutionConfigurationPlatforms) = preSolution
		Debug|Any CPU = Debug|Any CPU
		Release|Any CPU = Release|Any CPU
	EndGlobalSection
	GlobalSection(ProjectConfigurationPlatforms) = postSolution
		{C1C68544-5FE0-4ECA-AF36-2D5276FBED45}.Debug|Any CPU.ActiveCfg = Debug|Any CPU
		{C1C68544-5FE0-4ECA-AF36-2D5276FBED45}.Debug|Any CPU.Build.0 = Debug|Any CPU
		{C1C68544-5FE0-4ECA-AF36-2D5276FBED45}.Release|Any CPU.ActiveCfg = Release|Any CPU
		{C1C68544-5FE0-4ECA-AF36-2D5276FBED45}.Release|Any CPU.Build.0 = Release|Any CPU
	EndGlobalSection
	GlobalSection(SolutionProperties) = preSolution
		HideSolutionNode = FALSE
	EndGlobalSection
	GlobalSection(ExtensibilityGlobals) = postSolution
		SolutionGuid = {9C815FCA-B426-45DA-851C-4BFF0409972A}
	EndGlobalSection
EndGlobal
