
Microsoft Visual Studio Solution File, Format Version 12.00
# Visual Studio Version 16
VisualStudioVersion = 16.0.29709.97
MinimumVisualStudioVersion = 10.0.40219.1
Project("{FAE04EC0-301F-11D3-BF4B-00C04F79EFBC}") = "Lab2.3_Regex", "Lab2.3_Regex.csproj", "{DD8C6FE5-8D9A-4328-85FE-C5C90D976913}"
EndProject
Global
	GlobalSection(SolutionConfigurationPlatforms) = preSolution
		Debug|Any CPU = Debug|Any CPU
		Release|Any CPU = Release|Any CPU
	EndGlobalSection
	GlobalSection(ProjectConfigurationPlatforms) = postSolution
		{DD8C6FE5-8D9A-4328-85FE-C5C90D976913}.Debug|Any CPU.ActiveCfg = Debug|Any CPU
		{DD8C6FE5-8D9A-4328-85FE-C5C90D976913}.Debug|Any CPU.Build.0 = Debug|Any CPU
		{DD8C6FE5-8D9A-4328-85FE-C5C90D976913}.Release|Any CPU.ActiveCfg = Release|Any CPU
		{DD8C6FE5-8D9A-4328-85FE-C5C90D976913}.Release|Any CPU.Build.0 = Release|Any CPU
	EndGlobalSection
	GlobalSection(SolutionProperties) = preSolution
		HideSolutionNode = FALSE
	EndGlobalSection
	GlobalSection(ExtensibilityGlobals) = postSolution
		SolutionGuid = {55770791-1CAD-476A-A46D-2BC2DB887785}
	EndGlobalSection
EndGlobal
