
Microsoft Visual Studio Solution File, Format Version 12.00
# Visual Studio Version 16
VisualStudioVersion = 16.0.29709.97
MinimumVisualStudioVersion = 10.0.40219.1
Project("{FAE04EC0-301F-11D3-BF4B-00C04F79EFBC}") = "Lab2.1_RoomCalculator", "Lab2.1_RoomCalculator\Lab2.1_RoomCalculator.csproj", "{AC9E86F3-FFEC-4ED8-8809-80AF9DBF0786}"
EndProject
Global
	GlobalSection(SolutionConfigurationPlatforms) = preSolution
		Debug|Any CPU = Debug|Any CPU
		Release|Any CPU = Release|Any CPU
	EndGlobalSection
	GlobalSection(ProjectConfigurationPlatforms) = postSolution
		{AC9E86F3-FFEC-4ED8-8809-80AF9DBF0786}.Debug|Any CPU.ActiveCfg = Debug|Any CPU
		{AC9E86F3-FFEC-4ED8-8809-80AF9DBF0786}.Debug|Any CPU.Build.0 = Debug|Any CPU
		{AC9E86F3-FFEC-4ED8-8809-80AF9DBF0786}.Release|Any CPU.ActiveCfg = Release|Any CPU
		{AC9E86F3-FFEC-4ED8-8809-80AF9DBF0786}.Release|Any CPU.Build.0 = Release|Any CPU
	EndGlobalSection
	GlobalSection(SolutionProperties) = preSolution
		HideSolutionNode = FALSE
	EndGlobalSection
	GlobalSection(ExtensibilityGlobals) = postSolution
		SolutionGuid = {D1534DDB-5107-4670-8E17-96711ED89BA6}
	EndGlobalSection
EndGlobal
