
Microsoft Visual Studio Solution File, Format Version 12.00
# Visual Studio Version 16
VisualStudioVersion = 16.0.29709.97
MinimumVisualStudioVersion = 10.0.40219.1
Project("{FAE04EC0-301F-11D3-BF4B-00C04F79EFBC}") = "Lab3.2_ShoppingList", "Lab3.2_ShoppingList.csproj", "{5F5753BD-5097-46FB-997C-0FD1EFF2F28C}"
EndProject
Global
	GlobalSection(SolutionConfigurationPlatforms) = preSolution
		Debug|Any CPU = Debug|Any CPU
		Release|Any CPU = Release|Any CPU
	EndGlobalSection
	GlobalSection(ProjectConfigurationPlatforms) = postSolution
		{5F5753BD-5097-46FB-997C-0FD1EFF2F28C}.Debug|Any CPU.ActiveCfg = Debug|Any CPU
		{5F5753BD-5097-46FB-997C-0FD1EFF2F28C}.Debug|Any CPU.Build.0 = Debug|Any CPU
		{5F5753BD-5097-46FB-997C-0FD1EFF2F28C}.Release|Any CPU.ActiveCfg = Release|Any CPU
		{5F5753BD-5097-46FB-997C-0FD1EFF2F28C}.Release|Any CPU.Build.0 = Release|Any CPU
	EndGlobalSection
	GlobalSection(SolutionProperties) = preSolution
		HideSolutionNode = FALSE
	EndGlobalSection
	GlobalSection(ExtensibilityGlobals) = postSolution
		SolutionGuid = {47CEE4FE-F670-4DB3-9560-5B97B1930032}
	EndGlobalSection
EndGlobal
