
Microsoft Visual Studio Solution File, Format Version 12.00
# Visual Studio Version 16
VisualStudioVersion = 16.0.29911.84
MinimumVisualStudioVersion = 10.0.40219.1
Project("{FAE04EC0-301F-11D3-BF4B-00C04F79EFBC}") = "Lab152_CreatingAPI", "Lab152_CreatingAPI\Lab152_CreatingAPI.csproj", "{4E608140-A82D-4CE8-9096-0E32EEB7AD88}"
EndProject
Global
	GlobalSection(SolutionConfigurationPlatforms) = preSolution
		Debug|Any CPU = Debug|Any CPU
		Release|Any CPU = Release|Any CPU
	EndGlobalSection
	GlobalSection(ProjectConfigurationPlatforms) = postSolution
		{4E608140-A82D-4CE8-9096-0E32EEB7AD88}.Debug|Any CPU.ActiveCfg = Debug|Any CPU
		{4E608140-A82D-4CE8-9096-0E32EEB7AD88}.Debug|Any CPU.Build.0 = Debug|Any CPU
		{4E608140-A82D-4CE8-9096-0E32EEB7AD88}.Release|Any CPU.ActiveCfg = Release|Any CPU
		{4E608140-A82D-4CE8-9096-0E32EEB7AD88}.Release|Any CPU.Build.0 = Release|Any CPU
	EndGlobalSection
	GlobalSection(SolutionProperties) = preSolution
		HideSolutionNode = FALSE
	EndGlobalSection
	GlobalSection(ExtensibilityGlobals) = postSolution
		SolutionGuid = {C61B60EB-71A4-4EED-9D4C-20F05AB1D187}
	EndGlobalSection
EndGlobal
